
Microsoft Visual Studio Solution File, Format Version 12.00
# Visual Studio Version 17
VisualStudioVersion = 17.8.34525.116
MinimumVisualStudioVersion = 10.0.40219.1
Project("{9A19103F-16F7-4668-BE54-9A1E7A4F7556}") = "WorldTour", "WorldTourProblem\WorldTour.csproj", "{CA80122E-6B98-4FB9-BE64-C7CC009243C1}"
EndProject
Project("{FAE04EC0-301F-11D3-BF4B-00C04F79EFBC}") = "Demo", "Demo\Demo.csproj", "{60A3B564-3D87-45C9-82D5-F1108E62CD95}"
EndProject
Global
	GlobalSection(SolutionConfigurationPlatforms) = preSolution
		Debug|Any CPU = Debug|Any CPU
		Release|Any CPU = Release|Any CPU
	EndGlobalSection
	GlobalSection(ProjectConfigurationPlatforms) = postSolution
		{CA80122E-6B98-4FB9-BE64-C7CC009243C1}.Debug|Any CPU.ActiveCfg = Debug|Any CPU
		{CA80122E-6B98-4FB9-BE64-C7CC009243C1}.Debug|Any CPU.Build.0 = Debug|Any CPU
		{CA80122E-6B98-4FB9-BE64-C7CC009243C1}.Release|Any CPU.ActiveCfg = Release|Any CPU
		{CA80122E-6B98-4FB9-BE64-C7CC009243C1}.Release|Any CPU.Build.0 = Release|Any CPU
		{60A3B564-3D87-45C9-82D5-F1108E62CD95}.Debug|Any CPU.ActiveCfg = Debug|Any CPU
		{60A3B564-3D87-45C9-82D5-F1108E62CD95}.Debug|Any CPU.Build.0 = Debug|Any CPU
		{60A3B564-3D87-45C9-82D5-F1108E62CD95}.Release|Any CPU.ActiveCfg = Release|Any CPU
		{60A3B564-3D87-45C9-82D5-F1108E62CD95}.Release|Any CPU.Build.0 = Release|Any CPU
	EndGlobalSection
	GlobalSection(SolutionProperties) = preSolution
		HideSolutionNode = FALSE
	EndGlobalSection
	GlobalSection(ExtensibilityGlobals) = postSolution
		SolutionGuid = {ADA882A2-FD53-4876-B495-5EB26B92AFE8}
	EndGlobalSection
EndGlobal
