
Microsoft Visual Studio Solution File, Format Version 12.00
# Visual Studio Version 17
VisualStudioVersion = 17.6.33815.320
MinimumVisualStudioVersion = 10.0.40219.1
Project("{FAE04EC0-301F-11D3-BF4B-00C04F79EFBC}") = "SpringVacation", "SpringVacation\SpringVacation.csproj", "{6A0F3835-0C06-408D-8BF7-2F620E703E7A}"
EndProject
Project("{FAE04EC0-301F-11D3-BF4B-00C04F79EFBC}") = "Weaponsmith", "Weaponsmith\Weaponsmith.csproj", "{EA5452D3-A48B-44C0-8BE5-FF10D1BA8774}"
EndProject
Project("{FAE04EC0-301F-11D3-BF4B-00C04F79EFBC}") = "PaintingsNumbers", "PaintingsNumbers\PaintingsNumbers.csproj", "{2F536CAF-8ACA-49B6-A56A-D74685247C52}"
EndProject
Global
	GlobalSection(SolutionConfigurationPlatforms) = preSolution
		Debug|Any CPU = Debug|Any CPU
		Release|Any CPU = Release|Any CPU
	EndGlobalSection
	GlobalSection(ProjectConfigurationPlatforms) = postSolution
		{6A0F3835-0C06-408D-8BF7-2F620E703E7A}.Debug|Any CPU.ActiveCfg = Debug|Any CPU
		{6A0F3835-0C06-408D-8BF7-2F620E703E7A}.Debug|Any CPU.Build.0 = Debug|Any CPU
		{6A0F3835-0C06-408D-8BF7-2F620E703E7A}.Release|Any CPU.ActiveCfg = Release|Any CPU
		{6A0F3835-0C06-408D-8BF7-2F620E703E7A}.Release|Any CPU.Build.0 = Release|Any CPU
		{EA5452D3-A48B-44C0-8BE5-FF10D1BA8774}.Debug|Any CPU.ActiveCfg = Debug|Any CPU
		{EA5452D3-A48B-44C0-8BE5-FF10D1BA8774}.Debug|Any CPU.Build.0 = Debug|Any CPU
		{EA5452D3-A48B-44C0-8BE5-FF10D1BA8774}.Release|Any CPU.ActiveCfg = Release|Any CPU
		{EA5452D3-A48B-44C0-8BE5-FF10D1BA8774}.Release|Any CPU.Build.0 = Release|Any CPU
		{2F536CAF-8ACA-49B6-A56A-D74685247C52}.Debug|Any CPU.ActiveCfg = Debug|Any CPU
		{2F536CAF-8ACA-49B6-A56A-D74685247C52}.Debug|Any CPU.Build.0 = Debug|Any CPU
		{2F536CAF-8ACA-49B6-A56A-D74685247C52}.Release|Any CPU.ActiveCfg = Release|Any CPU
		{2F536CAF-8ACA-49B6-A56A-D74685247C52}.Release|Any CPU.Build.0 = Release|Any CPU
	EndGlobalSection
	GlobalSection(SolutionProperties) = preSolution
		HideSolutionNode = FALSE
	EndGlobalSection
	GlobalSection(ExtensibilityGlobals) = postSolution
		SolutionGuid = {1909E621-6904-42AE-B126-77B2A30F278C}
	EndGlobalSection
EndGlobal
