
Microsoft Visual Studio Solution File, Format Version 12.00
# Visual Studio Version 17
VisualStudioVersion = 17.6.33815.320
MinimumVisualStudioVersion = 10.0.40219.1
Project("{9A19103F-16F7-4668-BE54-9A1E7A4F7556}") = "01. Shapes", "Shapes\01. Shapes.csproj", "{D728CE17-882E-4CC1-8ABF-9D1819CB76C6}"
EndProject
Project("{9A19103F-16F7-4668-BE54-9A1E7A4F7556}") = "02. Cars", "Cars\02. Cars.csproj", "{F7153503-BB10-48A6-AA7A-4902E0080159}"
EndProject
Project("{9A19103F-16F7-4668-BE54-9A1E7A4F7556}") = "E01. PersonInfo", "PersonInfo\E01. PersonInfo.csproj", "{EFA0CA19-FDD8-415B-AF06-ABB21F7BE709}"
EndProject
Project("{9A19103F-16F7-4668-BE54-9A1E7A4F7556}") = "E02. Telephony", "E02. Telephony\E02. Telephony.csproj", "{3FD837FF-7823-4B15-9793-560C8E375F96}"
EndProject
Project("{9A19103F-16F7-4668-BE54-9A1E7A4F7556}") = "E02. Telephony - bugged", "Telephony\E02. Telephony - bugged.csproj", "{14181679-469D-43FD-A867-5EDB399DF20D}"
EndProject
Project("{FAE04EC0-301F-11D3-BF4B-00C04F79EFBC}") = "E04. BorderControl", "BorderControl\E04. BorderControl.csproj", "{CF55CEB2-4E79-4F88-A8C4-59C38F1AD50A}"
EndProject
Project("{FAE04EC0-301F-11D3-BF4B-00C04F79EFBC}") = "MilitaryElite", "MilitaryElite\MilitaryElite.csproj", "{88FC53EA-7F2C-4A4F-9AD4-52C8D0F56D13}"
EndProject
Global
	GlobalSection(SolutionConfigurationPlatforms) = preSolution
		Debug|Any CPU = Debug|Any CPU
		Release|Any CPU = Release|Any CPU
	EndGlobalSection
	GlobalSection(ProjectConfigurationPlatforms) = postSolution
		{D728CE17-882E-4CC1-8ABF-9D1819CB76C6}.Debug|Any CPU.ActiveCfg = Debug|Any CPU
		{D728CE17-882E-4CC1-8ABF-9D1819CB76C6}.Debug|Any CPU.Build.0 = Debug|Any CPU
		{D728CE17-882E-4CC1-8ABF-9D1819CB76C6}.Release|Any CPU.ActiveCfg = Release|Any CPU
		{D728CE17-882E-4CC1-8ABF-9D1819CB76C6}.Release|Any CPU.Build.0 = Release|Any CPU
		{F7153503-BB10-48A6-AA7A-4902E0080159}.Debug|Any CPU.ActiveCfg = Debug|Any CPU
		{F7153503-BB10-48A6-AA7A-4902E0080159}.Debug|Any CPU.Build.0 = Debug|Any CPU
		{F7153503-BB10-48A6-AA7A-4902E0080159}.Release|Any CPU.ActiveCfg = Release|Any CPU
		{F7153503-BB10-48A6-AA7A-4902E0080159}.Release|Any CPU.Build.0 = Release|Any CPU
		{EFA0CA19-FDD8-415B-AF06-ABB21F7BE709}.Debug|Any CPU.ActiveCfg = Debug|Any CPU
		{EFA0CA19-FDD8-415B-AF06-ABB21F7BE709}.Debug|Any CPU.Build.0 = Debug|Any CPU
		{EFA0CA19-FDD8-415B-AF06-ABB21F7BE709}.Release|Any CPU.ActiveCfg = Release|Any CPU
		{EFA0CA19-FDD8-415B-AF06-ABB21F7BE709}.Release|Any CPU.Build.0 = Release|Any CPU
		{3FD837FF-7823-4B15-9793-560C8E375F96}.Debug|Any CPU.ActiveCfg = Debug|Any CPU
		{3FD837FF-7823-4B15-9793-560C8E375F96}.Debug|Any CPU.Build.0 = Debug|Any CPU
		{3FD837FF-7823-4B15-9793-560C8E375F96}.Release|Any CPU.ActiveCfg = Release|Any CPU
		{3FD837FF-7823-4B15-9793-560C8E375F96}.Release|Any CPU.Build.0 = Release|Any CPU
		{14181679-469D-43FD-A867-5EDB399DF20D}.Debug|Any CPU.ActiveCfg = Debug|Any CPU
		{14181679-469D-43FD-A867-5EDB399DF20D}.Debug|Any CPU.Build.0 = Debug|Any CPU
		{14181679-469D-43FD-A867-5EDB399DF20D}.Release|Any CPU.ActiveCfg = Release|Any CPU
		{14181679-469D-43FD-A867-5EDB399DF20D}.Release|Any CPU.Build.0 = Release|Any CPU
		{CF55CEB2-4E79-4F88-A8C4-59C38F1AD50A}.Debug|Any CPU.ActiveCfg = Debug|Any CPU
		{CF55CEB2-4E79-4F88-A8C4-59C38F1AD50A}.Debug|Any CPU.Build.0 = Debug|Any CPU
		{CF55CEB2-4E79-4F88-A8C4-59C38F1AD50A}.Release|Any CPU.ActiveCfg = Release|Any CPU
		{CF55CEB2-4E79-4F88-A8C4-59C38F1AD50A}.Release|Any CPU.Build.0 = Release|Any CPU
		{88FC53EA-7F2C-4A4F-9AD4-52C8D0F56D13}.Debug|Any CPU.ActiveCfg = Debug|Any CPU
		{88FC53EA-7F2C-4A4F-9AD4-52C8D0F56D13}.Debug|Any CPU.Build.0 = Debug|Any CPU
		{88FC53EA-7F2C-4A4F-9AD4-52C8D0F56D13}.Release|Any CPU.ActiveCfg = Release|Any CPU
		{88FC53EA-7F2C-4A4F-9AD4-52C8D0F56D13}.Release|Any CPU.Build.0 = Release|Any CPU
	EndGlobalSection
	GlobalSection(SolutionProperties) = preSolution
		HideSolutionNode = FALSE
	EndGlobalSection
	GlobalSection(ExtensibilityGlobals) = postSolution
		SolutionGuid = {413D8809-FD69-4CFE-88B7-7BFD38032779}
	EndGlobalSection
EndGlobal
