
Microsoft Visual Studio Solution File, Format Version 12.00
# Visual Studio Version 17
VisualStudioVersion = 17.9.34723.18
MinimumVisualStudioVersion = 10.0.40219.1
Project("{FAE04EC0-301F-11D3-BF4B-00C04F79EFBC}") = "DataCenter", "DataCenter\DataCenter.csproj", "{DAE77350-C8E8-471C-AEBA-BCE16C21DA73}"
EndProject
Project("{FAE04EC0-301F-11D3-BF4B-00C04F79EFBC}") = "DataCenterUnitTest", "DataCenterUnitTest\DataCenterUnitTest.csproj", "{18F14B66-A87B-4B2F-9313-66D30DDB2975}"
EndProject
Global
	GlobalSection(SolutionConfigurationPlatforms) = preSolution
		Debug|Any CPU = Debug|Any CPU
		Release|Any CPU = Release|Any CPU
	EndGlobalSection
	GlobalSection(ProjectConfigurationPlatforms) = postSolution
		{DAE77350-C8E8-471C-AEBA-BCE16C21DA73}.Debug|Any CPU.ActiveCfg = Debug|Any CPU
		{DAE77350-C8E8-471C-AEBA-BCE16C21DA73}.Debug|Any CPU.Build.0 = Debug|Any CPU
		{DAE77350-C8E8-471C-AEBA-BCE16C21DA73}.Release|Any CPU.ActiveCfg = Release|Any CPU
		{DAE77350-C8E8-471C-AEBA-BCE16C21DA73}.Release|Any CPU.Build.0 = Release|Any CPU
		{18F14B66-A87B-4B2F-9313-66D30DDB2975}.Debug|Any CPU.ActiveCfg = Debug|Any CPU
		{18F14B66-A87B-4B2F-9313-66D30DDB2975}.Debug|Any CPU.Build.0 = Debug|Any CPU
		{18F14B66-A87B-4B2F-9313-66D30DDB2975}.Release|Any CPU.ActiveCfg = Release|Any CPU
		{18F14B66-A87B-4B2F-9313-66D30DDB2975}.Release|Any CPU.Build.0 = Release|Any CPU
	EndGlobalSection
	GlobalSection(SolutionProperties) = preSolution
		HideSolutionNode = FALSE
	EndGlobalSection
	GlobalSection(ExtensibilityGlobals) = postSolution
		SolutionGuid = {C7C004CC-3A3A-4332-BF5F-13B8B3889978}
	EndGlobalSection
EndGlobal
