
Microsoft Visual Studio Solution File, Format Version 12.00
# Visual Studio Version 17
VisualStudioVersion = 17.5.33516.290
MinimumVisualStudioVersion = 10.0.40219.1
Project("{9A19103F-16F7-4668-BE54-9A1E7A4F7556}") = "Farm", "SingleInheritance\Farm.csproj", "{26C28344-90A5-4315-B0FE-965D1DA48D74}"
EndProject
Project("{9A19103F-16F7-4668-BE54-9A1E7A4F7556}") = "CustomRandomList", "CustomRandomList\CustomRandomList.csproj", "{05FBCFCC-0EC2-4E13-A516-1188A7A12BF4}"
EndProject
Project("{9A19103F-16F7-4668-BE54-9A1E7A4F7556}") = "CustomStack", "CustomStack\CustomStack.csproj", "{C85FD681-1B74-41D6-96AD-231C6FB2937F}"
EndProject
Project("{FAE04EC0-301F-11D3-BF4B-00C04F79EFBC}") = "NeedForSpeed", "NeedForSpeed\NeedForSpeed.csproj", "{5628DE42-D9DF-4B10-B4D7-DE2C875C3495}"
EndProject
Global
	GlobalSection(SolutionConfigurationPlatforms) = preSolution
		Debug|Any CPU = Debug|Any CPU
		Release|Any CPU = Release|Any CPU
	EndGlobalSection
	GlobalSection(ProjectConfigurationPlatforms) = postSolution
		{26C28344-90A5-4315-B0FE-965D1DA48D74}.Debug|Any CPU.ActiveCfg = Debug|Any CPU
		{26C28344-90A5-4315-B0FE-965D1DA48D74}.Debug|Any CPU.Build.0 = Debug|Any CPU
		{26C28344-90A5-4315-B0FE-965D1DA48D74}.Release|Any CPU.ActiveCfg = Release|Any CPU
		{26C28344-90A5-4315-B0FE-965D1DA48D74}.Release|Any CPU.Build.0 = Release|Any CPU
		{05FBCFCC-0EC2-4E13-A516-1188A7A12BF4}.Debug|Any CPU.ActiveCfg = Debug|Any CPU
		{05FBCFCC-0EC2-4E13-A516-1188A7A12BF4}.Debug|Any CPU.Build.0 = Debug|Any CPU
		{05FBCFCC-0EC2-4E13-A516-1188A7A12BF4}.Release|Any CPU.ActiveCfg = Release|Any CPU
		{05FBCFCC-0EC2-4E13-A516-1188A7A12BF4}.Release|Any CPU.Build.0 = Release|Any CPU
		{C85FD681-1B74-41D6-96AD-231C6FB2937F}.Debug|Any CPU.ActiveCfg = Debug|Any CPU
		{C85FD681-1B74-41D6-96AD-231C6FB2937F}.Debug|Any CPU.Build.0 = Debug|Any CPU
		{C85FD681-1B74-41D6-96AD-231C6FB2937F}.Release|Any CPU.ActiveCfg = Release|Any CPU
		{C85FD681-1B74-41D6-96AD-231C6FB2937F}.Release|Any CPU.Build.0 = Release|Any CPU
		{5628DE42-D9DF-4B10-B4D7-DE2C875C3495}.Debug|Any CPU.ActiveCfg = Debug|Any CPU
		{5628DE42-D9DF-4B10-B4D7-DE2C875C3495}.Debug|Any CPU.Build.0 = Debug|Any CPU
		{5628DE42-D9DF-4B10-B4D7-DE2C875C3495}.Release|Any CPU.ActiveCfg = Release|Any CPU
		{5628DE42-D9DF-4B10-B4D7-DE2C875C3495}.Release|Any CPU.Build.0 = Release|Any CPU
	EndGlobalSection
	GlobalSection(SolutionProperties) = preSolution
		HideSolutionNode = FALSE
	EndGlobalSection
	GlobalSection(ExtensibilityGlobals) = postSolution
		SolutionGuid = {D60DE371-55C6-4D05-A33A-3AFF1052EE92}
	EndGlobalSection
EndGlobal
