
Microsoft Visual Studio Solution File, Format Version 12.00
# Visual Studio Version 17
VisualStudioVersion = 17.9.34723.18
MinimumVisualStudioVersion = 10.0.40219.1
Project("{9A19103F-16F7-4668-BE54-9A1E7A4F7556}") = "Registration", "Registration\Registration.csproj", "{229D8A66-1F76-4F7D-A760-F32F43FDE3E4}"
EndProject
Project("{9A19103F-16F7-4668-BE54-9A1E7A4F7556}") = "DestinationMapper", "DestinationMapper\DestinationMapper.csproj", "{A504617B-CD82-4DBB-8158-B0D90F29B331}"
EndProject
Project("{FAE04EC0-301F-11D3-BF4B-00C04F79EFBC}") = "BakeryShop", "BakeryShop\BakeryShop.csproj", "{33B939AF-10FA-498B-B8D7-9462043AC1DF}"
EndProject
Global
	GlobalSection(SolutionConfigurationPlatforms) = preSolution
		Debug|Any CPU = Debug|Any CPU
		Release|Any CPU = Release|Any CPU
	EndGlobalSection
	GlobalSection(ProjectConfigurationPlatforms) = postSolution
		{229D8A66-1F76-4F7D-A760-F32F43FDE3E4}.Debug|Any CPU.ActiveCfg = Debug|Any CPU
		{229D8A66-1F76-4F7D-A760-F32F43FDE3E4}.Debug|Any CPU.Build.0 = Debug|Any CPU
		{229D8A66-1F76-4F7D-A760-F32F43FDE3E4}.Release|Any CPU.ActiveCfg = Release|Any CPU
		{229D8A66-1F76-4F7D-A760-F32F43FDE3E4}.Release|Any CPU.Build.0 = Release|Any CPU
		{A504617B-CD82-4DBB-8158-B0D90F29B331}.Debug|Any CPU.ActiveCfg = Debug|Any CPU
		{A504617B-CD82-4DBB-8158-B0D90F29B331}.Debug|Any CPU.Build.0 = Debug|Any CPU
		{A504617B-CD82-4DBB-8158-B0D90F29B331}.Release|Any CPU.ActiveCfg = Release|Any CPU
		{A504617B-CD82-4DBB-8158-B0D90F29B331}.Release|Any CPU.Build.0 = Release|Any CPU
		{33B939AF-10FA-498B-B8D7-9462043AC1DF}.Debug|Any CPU.ActiveCfg = Debug|Any CPU
		{33B939AF-10FA-498B-B8D7-9462043AC1DF}.Debug|Any CPU.Build.0 = Debug|Any CPU
		{33B939AF-10FA-498B-B8D7-9462043AC1DF}.Release|Any CPU.ActiveCfg = Release|Any CPU
		{33B939AF-10FA-498B-B8D7-9462043AC1DF}.Release|Any CPU.Build.0 = Release|Any CPU
	EndGlobalSection
	GlobalSection(SolutionProperties) = preSolution
		HideSolutionNode = FALSE
	EndGlobalSection
	GlobalSection(ExtensibilityGlobals) = postSolution
		SolutionGuid = {24EE4F31-0E67-483D-AE42-A63C46AD40BF}
	EndGlobalSection
EndGlobal
