
Microsoft Visual Studio Solution File, Format Version 12.00
# Visual Studio Version 17
VisualStudioVersion = 17.6.33815.320
MinimumVisualStudioVersion = 10.0.40219.1
Project("{9A19103F-16F7-4668-BE54-9A1E7A4F7556}") = "VendingSystem", "VendingSystem.csproj", "{AE2B1482-9029-4729-9B25-13200E2F474D}"
EndProject
Global
	GlobalSection(SolutionConfigurationPlatforms) = preSolution
		Debug|Any CPU = Debug|Any CPU
		Release|Any CPU = Release|Any CPU
	EndGlobalSection
	GlobalSection(ProjectConfigurationPlatforms) = postSolution
		{AE2B1482-9029-4729-9B25-13200E2F474D}.Debug|Any CPU.ActiveCfg = Debug|Any CPU
		{AE2B1482-9029-4729-9B25-13200E2F474D}.Debug|Any CPU.Build.0 = Debug|Any CPU
		{AE2B1482-9029-4729-9B25-13200E2F474D}.Release|Any CPU.ActiveCfg = Release|Any CPU
		{AE2B1482-9029-4729-9B25-13200E2F474D}.Release|Any CPU.Build.0 = Release|Any CPU
	EndGlobalSection
	GlobalSection(SolutionProperties) = preSolution
		HideSolutionNode = FALSE
	EndGlobalSection
	GlobalSection(ExtensibilityGlobals) = postSolution
		SolutionGuid = {78935C3F-AA32-49CD-B801-D8FC99F5663A}
	EndGlobalSection
EndGlobal
