
Microsoft Visual Studio Solution File, Format Version 12.00
# Visual Studio Version 17
VisualStudioVersion = 17.7.34221.43
MinimumVisualStudioVersion = 10.0.40219.1
Project("{9A19103F-16F7-4668-BE54-9A1E7A4F7556}") = "Operations", "MathOperations\Operations.csproj", "{FC7B0867-5098-401F-8F6A-6097663C2BD3}"
EndProject
Project("{9A19103F-16F7-4668-BE54-9A1E7A4F7556}") = "Animals", "Animals\Animals.csproj", "{CA3FE039-E294-4C49-9911-BFCC5E632B80}"
EndProject
Project("{FAE04EC0-301F-11D3-BF4B-00C04F79EFBC}") = "Shapes", "Shapes\Shapes.csproj", "{533F7518-D42D-4793-BC8E-777D9983BE66}"
EndProject
Global
	GlobalSection(SolutionConfigurationPlatforms) = preSolution
		Debug|Any CPU = Debug|Any CPU
		Release|Any CPU = Release|Any CPU
	EndGlobalSection
	GlobalSection(ProjectConfigurationPlatforms) = postSolution
		{FC7B0867-5098-401F-8F6A-6097663C2BD3}.Debug|Any CPU.ActiveCfg = Debug|Any CPU
		{FC7B0867-5098-401F-8F6A-6097663C2BD3}.Debug|Any CPU.Build.0 = Debug|Any CPU
		{FC7B0867-5098-401F-8F6A-6097663C2BD3}.Release|Any CPU.ActiveCfg = Release|Any CPU
		{FC7B0867-5098-401F-8F6A-6097663C2BD3}.Release|Any CPU.Build.0 = Release|Any CPU
		{CA3FE039-E294-4C49-9911-BFCC5E632B80}.Debug|Any CPU.ActiveCfg = Debug|Any CPU
		{CA3FE039-E294-4C49-9911-BFCC5E632B80}.Debug|Any CPU.Build.0 = Debug|Any CPU
		{CA3FE039-E294-4C49-9911-BFCC5E632B80}.Release|Any CPU.ActiveCfg = Release|Any CPU
		{CA3FE039-E294-4C49-9911-BFCC5E632B80}.Release|Any CPU.Build.0 = Release|Any CPU
		{533F7518-D42D-4793-BC8E-777D9983BE66}.Debug|Any CPU.ActiveCfg = Debug|Any CPU
		{533F7518-D42D-4793-BC8E-777D9983BE66}.Debug|Any CPU.Build.0 = Debug|Any CPU
		{533F7518-D42D-4793-BC8E-777D9983BE66}.Release|Any CPU.ActiveCfg = Release|Any CPU
		{533F7518-D42D-4793-BC8E-777D9983BE66}.Release|Any CPU.Build.0 = Release|Any CPU
	EndGlobalSection
	GlobalSection(SolutionProperties) = preSolution
		HideSolutionNode = FALSE
	EndGlobalSection
	GlobalSection(ExtensibilityGlobals) = postSolution
		SolutionGuid = {FB9BB45F-A5BC-44DC-B9D6-29F7983B4940}
	EndGlobalSection
EndGlobal
