
Microsoft Visual Studio Solution File, Format Version 12.00
# Visual Studio Version 17
VisualStudioVersion = 17.9.34723.18
MinimumVisualStudioVersion = 10.0.40219.1
Project("{9A19103F-16F7-4668-BE54-9A1E7A4F7556}") = "SharkTaxonomy", "SharkTaxonomy\SharkTaxonomy.csproj", "{9930603F-FC2D-411F-A14E-48C0E24B3635}"
EndProject
Project("{FAE04EC0-301F-11D3-BF4B-00C04F79EFBC}") = "SharkTaxonomyTest", "SharkTaxonomyTest\SharkTaxonomyTest.csproj", "{59A698E5-2AC4-4181-9885-497097557982}"
EndProject
Global
	GlobalSection(SolutionConfigurationPlatforms) = preSolution
		Debug|Any CPU = Debug|Any CPU
		Release|Any CPU = Release|Any CPU
	EndGlobalSection
	GlobalSection(ProjectConfigurationPlatforms) = postSolution
		{9930603F-FC2D-411F-A14E-48C0E24B3635}.Debug|Any CPU.ActiveCfg = Debug|Any CPU
		{9930603F-FC2D-411F-A14E-48C0E24B3635}.Debug|Any CPU.Build.0 = Debug|Any CPU
		{9930603F-FC2D-411F-A14E-48C0E24B3635}.Release|Any CPU.ActiveCfg = Release|Any CPU
		{9930603F-FC2D-411F-A14E-48C0E24B3635}.Release|Any CPU.Build.0 = Release|Any CPU
		{59A698E5-2AC4-4181-9885-497097557982}.Debug|Any CPU.ActiveCfg = Debug|Any CPU
		{59A698E5-2AC4-4181-9885-497097557982}.Debug|Any CPU.Build.0 = Debug|Any CPU
		{59A698E5-2AC4-4181-9885-497097557982}.Release|Any CPU.ActiveCfg = Release|Any CPU
		{59A698E5-2AC4-4181-9885-497097557982}.Release|Any CPU.Build.0 = Release|Any CPU
	EndGlobalSection
	GlobalSection(SolutionProperties) = preSolution
		HideSolutionNode = FALSE
	EndGlobalSection
	GlobalSection(ExtensibilityGlobals) = postSolution
		SolutionGuid = {F881B8E0-E01F-43FC-A585-3A606132A501}
	EndGlobalSection
EndGlobal
