
Microsoft Visual Studio Solution File, Format Version 12.00
# Visual Studio Version 17
VisualStudioVersion = 17.9.34723.18
MinimumVisualStudioVersion = 10.0.40219.1
Project("{9A19103F-16F7-4668-BE54-9A1E7A4F7556}") = "ThePianist", "ThePianist\ThePianist.csproj", "{2E05980E-BA55-456C-A949-D661F5375B1A}"
EndProject
Project("{FAE04EC0-301F-11D3-BF4B-00C04F79EFBC}") = "AdAstra", "AdAstra\AdAstra.csproj", "{0BA7C9F0-00F6-4C0C-9001-17CBB27E8314}"
EndProject
Global
	GlobalSection(SolutionConfigurationPlatforms) = preSolution
		Debug|Any CPU = Debug|Any CPU
		Release|Any CPU = Release|Any CPU
	EndGlobalSection
	GlobalSection(ProjectConfigurationPlatforms) = postSolution
		{2E05980E-BA55-456C-A949-D661F5375B1A}.Debug|Any CPU.ActiveCfg = Debug|Any CPU
		{2E05980E-BA55-456C-A949-D661F5375B1A}.Debug|Any CPU.Build.0 = Debug|Any CPU
		{2E05980E-BA55-456C-A949-D661F5375B1A}.Release|Any CPU.ActiveCfg = Release|Any CPU
		{2E05980E-BA55-456C-A949-D661F5375B1A}.Release|Any CPU.Build.0 = Release|Any CPU
		{0BA7C9F0-00F6-4C0C-9001-17CBB27E8314}.Debug|Any CPU.ActiveCfg = Debug|Any CPU
		{0BA7C9F0-00F6-4C0C-9001-17CBB27E8314}.Debug|Any CPU.Build.0 = Debug|Any CPU
		{0BA7C9F0-00F6-4C0C-9001-17CBB27E8314}.Release|Any CPU.ActiveCfg = Release|Any CPU
		{0BA7C9F0-00F6-4C0C-9001-17CBB27E8314}.Release|Any CPU.Build.0 = Release|Any CPU
	EndGlobalSection
	GlobalSection(SolutionProperties) = preSolution
		HideSolutionNode = FALSE
	EndGlobalSection
	GlobalSection(ExtensibilityGlobals) = postSolution
		SolutionGuid = {63D83D8D-9DDC-4200-ABAE-2C1E2695D6A7}
	EndGlobalSection
EndGlobal
