
Microsoft Visual Studio Solution File, Format Version 12.00
# Visual Studio Version 17
VisualStudioVersion = 17.9.34723.18
MinimumVisualStudioVersion = 10.0.40219.1
Project("{9A19103F-16F7-4668-BE54-9A1E7A4F7556}") = "MailClient", "MailClient\MailClient.csproj", "{5D207C08-430A-4415-BBDD-67A853339251}"
EndProject
Project("{FAE04EC0-301F-11D3-BF4B-00C04F79EFBC}") = "FishingCompetition", "FishingCompetition\FishingCompetition.csproj", "{21749A3E-5EAE-4C2F-B590-9D17BBFE1ED1}"
EndProject
Global
	GlobalSection(SolutionConfigurationPlatforms) = preSolution
		Debug|Any CPU = Debug|Any CPU
		Release|Any CPU = Release|Any CPU
	EndGlobalSection
	GlobalSection(ProjectConfigurationPlatforms) = postSolution
		{5D207C08-430A-4415-BBDD-67A853339251}.Debug|Any CPU.ActiveCfg = Debug|Any CPU
		{5D207C08-430A-4415-BBDD-67A853339251}.Debug|Any CPU.Build.0 = Debug|Any CPU
		{5D207C08-430A-4415-BBDD-67A853339251}.Release|Any CPU.ActiveCfg = Release|Any CPU
		{5D207C08-430A-4415-BBDD-67A853339251}.Release|Any CPU.Build.0 = Release|Any CPU
		{21749A3E-5EAE-4C2F-B590-9D17BBFE1ED1}.Debug|Any CPU.ActiveCfg = Debug|Any CPU
		{21749A3E-5EAE-4C2F-B590-9D17BBFE1ED1}.Debug|Any CPU.Build.0 = Debug|Any CPU
		{21749A3E-5EAE-4C2F-B590-9D17BBFE1ED1}.Release|Any CPU.ActiveCfg = Release|Any CPU
		{21749A3E-5EAE-4C2F-B590-9D17BBFE1ED1}.Release|Any CPU.Build.0 = Release|Any CPU
	EndGlobalSection
	GlobalSection(SolutionProperties) = preSolution
		HideSolutionNode = FALSE
	EndGlobalSection
	GlobalSection(ExtensibilityGlobals) = postSolution
		SolutionGuid = {8CAE8300-F060-4038-9449-04707FB21633}
	EndGlobalSection
EndGlobal
